
Microsoft Visual Studio Solution File, Format Version 12.00
# Visual Studio Version 16
VisualStudioVersion = 16.0.31112.23
MinimumVisualStudioVersion = 10.0.40219.1
Project("{FAE04EC0-301F-11D3-BF4B-00C04F79EFBC}") = "ApiCall.UWP", "ApiCall\ApiCall.UWP\ApiCall.UWP.csproj", "{ACE98F6B-661D-443B-A0A2-B85E7910CC7B}"
EndProject
Project("{FAE04EC0-301F-11D3-BF4B-00C04F79EFBC}") = "ApiCall.Android", "ApiCall\ApiCall.Android\ApiCall.Android.csproj", "{B319CA35-970E-4C9E-9F0C-34F0B66F2FB1}"
EndProject
Project("{FAE04EC0-301F-11D3-BF4B-00C04F79EFBC}") = "ApiCall.iOS", "ApiCall\ApiCall.iOS\ApiCall.iOS.csproj", "{0843F5C6-7517-49BF-92E0-963D010399B2}"
EndProject
Project("{FAE04EC0-301F-11D3-BF4B-00C04F79EFBC}") = "ApiCall", "ApiCall\ApiCall\ApiCall.csproj", "{3A0F0164-821F-4AF0-B88E-BFE407DAFE14}"
EndProject
Global
	GlobalSection(SolutionConfigurationPlatforms) = preSolution
		Debug|Any CPU = Debug|Any CPU
		Debug|ARM = Debug|ARM
		Debug|iPhone = Debug|iPhone
		Debug|iPhoneSimulator = Debug|iPhoneSimulator
		Debug|x64 = Debug|x64
		Debug|x86 = Debug|x86
		Release|Any CPU = Release|Any CPU
		Release|ARM = Release|ARM
		Release|iPhone = Release|iPhone
		Release|iPhoneSimulator = Release|iPhoneSimulator
		Release|x64 = Release|x64
		Release|x86 = Release|x86
	EndGlobalSection
	GlobalSection(ProjectConfigurationPlatforms) = postSolution
		{ACE98F6B-661D-443B-A0A2-B85E7910CC7B}.Debug|Any CPU.ActiveCfg = Debug|x86
		{ACE98F6B-661D-443B-A0A2-B85E7910CC7B}.Debug|Any CPU.Build.0 = Debug|x86
		{ACE98F6B-661D-443B-A0A2-B85E7910CC7B}.Debug|Any CPU.Deploy.0 = Debug|x86
		{ACE98F6B-661D-443B-A0A2-B85E7910CC7B}.Debug|ARM.ActiveCfg = Debug|ARM
		{ACE98F6B-661D-443B-A0A2-B85E7910CC7B}.Debug|ARM.Build.0 = Debug|ARM
		{ACE98F6B-661D-443B-A0A2-B85E7910CC7B}.Debug|ARM.Deploy.0 = Debug|ARM
		{ACE98F6B-661D-443B-A0A2-B85E7910CC7B}.Debug|iPhone.ActiveCfg = Debug|x86
		{ACE98F6B-661D-443B-A0A2-B85E7910CC7B}.Debug|iPhone.Build.0 = Debug|x86
		{ACE98F6B-661D-443B-A0A2-B85E7910CC7B}.Debug|iPhone.Deploy.0 = Debug|x86
		{ACE98F6B-661D-443B-A0A2-B85E7910CC7B}.Debug|iPhoneSimulator.ActiveCfg = Debug|x86
		{ACE98F6B-661D-443B-A0A2-B85E7910CC7B}.Debug|iPhoneSimulator.Build.0 = Debug|x86
		{ACE98F6B-661D-443B-A0A2-B85E7910CC7B}.Debug|iPhoneSimulator.Deploy.0 = Debug|x86
		{ACE98F6B-661D-443B-A0A2-B85E7910CC7B}.Debug|x64.ActiveCfg = Debug|x64
		{ACE98F6B-661D-443B-A0A2-B85E7910CC7B}.Debug|x64.Build.0 = Debug|x64
		{ACE98F6B-661D-443B-A0A2-B85E7910CC7B}.Debug|x64.Deploy.0 = Debug|x64
		{ACE98F6B-661D-443B-A0A2-B85E7910CC7B}.Debug|x86.ActiveCfg = Debug|x86
		{ACE98F6B-661D-443B-A0A2-B85E7910CC7B}.Debug|x86.Build.0 = Debug|x86
		{ACE98F6B-661D-443B-A0A2-B85E7910CC7B}.Debug|x86.Deploy.0 = Debug|x86
		{ACE98F6B-661D-443B-A0A2-B85E7910CC7B}.Release|Any CPU.ActiveCfg = Release|x86
		{ACE98F6B-661D-443B-A0A2-B85E7910CC7B}.Release|Any CPU.Build.0 = Release|x86
		{ACE98F6B-661D-443B-A0A2-B85E7910CC7B}.Release|Any CPU.Deploy.0 = Release|x86
		{ACE98F6B-661D-443B-A0A2-B85E7910CC7B}.Release|ARM.ActiveCfg = Release|ARM
		{ACE98F6B-661D-443B-A0A2-B85E7910CC7B}.Release|ARM.Build.0 = Release|ARM
		{ACE98F6B-661D-443B-A0A2-B85E7910CC7B}.Release|ARM.Deploy.0 = Release|ARM
		{ACE98F6B-661D-443B-A0A2-B85E7910CC7B}.Release|iPhone.ActiveCfg = Release|x86
		{ACE98F6B-661D-443B-A0A2-B85E7910CC7B}.Release|iPhone.Build.0 = Release|x86
		{ACE98F6B-661D-443B-A0A2-B85E7910CC7B}.Release|iPhone.Deploy.0 = Release|x86
		{ACE98F6B-661D-443B-A0A2-B85E7910CC7B}.Release|iPhoneSimulator.ActiveCfg = Release|x86
		{ACE98F6B-661D-443B-A0A2-B85E7910CC7B}.Release|iPhoneSimulator.Build.0 = Release|x86
		{ACE98F6B-661D-443B-A0A2-B85E7910CC7B}.Release|iPhoneSimulator.Deploy.0 = Release|x86
		{ACE98F6B-661D-443B-A0A2-B85E7910CC7B}.Release|x64.ActiveCfg = Release|x64
		{ACE98F6B-661D-443B-A0A2-B85E7910CC7B}.Release|x64.Build.0 = Release|x64
		{ACE98F6B-661D-443B-A0A2-B85E7910CC7B}.Release|x64.Deploy.0 = Release|x64
		{ACE98F6B-661D-443B-A0A2-B85E7910CC7B}.Release|x86.ActiveCfg = Release|x86
		{ACE98F6B-661D-443B-A0A2-B85E7910CC7B}.Release|x86.Build.0 = Release|x86
		{ACE98F6B-661D-443B-A0A2-B85E7910CC7B}.Release|x86.Deploy.0 = Release|x86
		{B319CA35-970E-4C9E-9F0C-34F0B66F2FB1}.Debug|Any CPU.ActiveCfg = Debug|Any CPU
		{B319CA35-970E-4C9E-9F0C-34F0B66F2FB1}.Debug|Any CPU.Build.0 = Debug|Any CPU
		{B319CA35-970E-4C9E-9F0C-34F0B66F2FB1}.Debug|Any CPU.Deploy.0 = Debug|Any CPU
		{B319CA35-970E-4C9E-9F0C-34F0B66F2FB1}.Debug|ARM.ActiveCfg = Debug|Any CPU
		{B319CA35-970E-4C9E-9F0C-34F0B66F2FB1}.Debug|ARM.Build.0 = Debug|Any CPU
		{B319CA35-970E-4C9E-9F0C-34F0B66F2FB1}.Debug|ARM.Deploy.0 = Debug|Any CPU
		{B319CA35-970E-4C9E-9F0C-34F0B66F2FB1}.Debug|iPhone.ActiveCfg = Debug|Any CPU
		{B319CA35-970E-4C9E-9F0C-34F0B66F2FB1}.Debug|iPhone.Build.0 = Debug|Any CPU
		{B319CA35-970E-4C9E-9F0C-34F0B66F2FB1}.Debug|iPhone.Deploy.0 = Debug|Any CPU
		{B319CA35-970E-4C9E-9F0C-34F0B66F2FB1}.Debug|iPhoneSimulator.ActiveCfg = Debug|Any CPU
		{B319CA35-970E-4C9E-9F0C-34F0B66F2FB1}.Debug|iPhoneSimulator.Build.0 = Debug|Any CPU
		{B319CA35-970E-4C9E-9F0C-34F0B66F2FB1}.Debug|iPhoneSimulator.Deploy.0 = Debug|Any CPU
		{B319CA35-970E-4C9E-9F0C-34F0B66F2FB1}.Debug|x64.ActiveCfg = Debug|Any CPU
		{B319CA35-970E-4C9E-9F0C-34F0B66F2FB1}.Debug|x64.Build.0 = Debug|Any CPU
		{B319CA35-970E-4C9E-9F0C-34F0B66F2FB1}.Debug|x64.Deploy.0 = Debug|Any CPU
		{B319CA35-970E-4C9E-9F0C-34F0B66F2FB1}.Debug|x86.ActiveCfg = Debug|Any CPU
		{B319CA35-970E-4C9E-9F0C-34F0B66F2FB1}.Debug|x86.Build.0 = Debug|Any CPU
		{B319CA35-970E-4C9E-9F0C-34F0B66F2FB1}.Debug|x86.Deploy.0 = Debug|Any CPU
		{B319CA35-970E-4C9E-9F0C-34F0B66F2FB1}.Release|Any CPU.ActiveCfg = Release|Any CPU
		{B319CA35-970E-4C9E-9F0C-34F0B66F2FB1}.Release|Any CPU.Build.0 = Release|Any CPU
		{B319CA35-970E-4C9E-9F0C-34F0B66F2FB1}.Release|Any CPU.Deploy.0 = Release|Any CPU
		{B319CA35-970E-4C9E-9F0C-34F0B66F2FB1}.Release|ARM.ActiveCfg = Release|Any CPU
		{B319CA35-970E-4C9E-9F0C-34F0B66F2FB1}.Release|ARM.Build.0 = Release|Any CPU
		{B319CA35-970E-4C9E-9F0C-34F0B66F2FB1}.Release|ARM.Deploy.0 = Release|Any CPU
		{B319CA35-970E-4C9E-9F0C-34F0B66F2FB1}.Release|iPhone.ActiveCfg = Release|Any CPU
		{B319CA35-970E-4C9E-9F0C-34F0B66F2FB1}.Release|iPhone.Build.0 = Release|Any CPU
		{B319CA35-970E-4C9E-9F0C-34F0B66F2FB1}.Release|iPhone.Deploy.0 = Release|Any CPU
		{B319CA35-970E-4C9E-9F0C-34F0B66F2FB1}.Release|iPhoneSimulator.ActiveCfg = Release|Any CPU
		{B319CA35-970E-4C9E-9F0C-34F0B66F2FB1}.Release|iPhoneSimulator.Build.0 = Release|Any CPU
		{B319CA35-970E-4C9E-9F0C-34F0B66F2FB1}.Release|iPhoneSimulator.Deploy.0 = Release|Any CPU
		{B319CA35-970E-4C9E-9F0C-34F0B66F2FB1}.Release|x64.ActiveCfg = Release|Any CPU
		{B319CA35-970E-4C9E-9F0C-34F0B66F2FB1}.Release|x64.Build.0 = Release|Any CPU
		{B319CA35-970E-4C9E-9F0C-34F0B66F2FB1}.Release|x64.Deploy.0 = Release|Any CPU
		{B319CA35-970E-4C9E-9F0C-34F0B66F2FB1}.Release|x86.ActiveCfg = Release|Any CPU
		{B319CA35-970E-4C9E-9F0C-34F0B66F2FB1}.Release|x86.Build.0 = Release|Any CPU
		{B319CA35-970E-4C9E-9F0C-34F0B66F2FB1}.Release|x86.Deploy.0 = Release|Any CPU
		{0843F5C6-7517-49BF-92E0-963D010399B2}.Debug|Any CPU.ActiveCfg = Debug|iPhoneSimulator
		{0843F5C6-7517-49BF-92E0-963D010399B2}.Debug|Any CPU.Build.0 = Debug|iPhoneSimulator
		{0843F5C6-7517-49BF-92E0-963D010399B2}.Debug|Any CPU.Deploy.0 = Debug|iPhoneSimulator
		{0843F5C6-7517-49BF-92E0-963D010399B2}.Debug|ARM.ActiveCfg = Debug|iPhone
		{0843F5C6-7517-49BF-92E0-963D010399B2}.Debug|ARM.Build.0 = Debug|iPhone
		{0843F5C6-7517-49BF-92E0-963D010399B2}.Debug|ARM.Deploy.0 = Debug|iPhone
		{0843F5C6-7517-49BF-92E0-963D010399B2}.Debug|iPhone.ActiveCfg = Debug|iPhone
		{0843F5C6-7517-49BF-92E0-963D010399B2}.Debug|iPhone.Build.0 = Debug|iPhone
		{0843F5C6-7517-49BF-92E0-963D010399B2}.Debug|iPhone.Deploy.0 = Debug|iPhone
		{0843F5C6-7517-49BF-92E0-963D010399B2}.Debug|iPhoneSimulator.ActiveCfg = Debug|iPhoneSimulator
		{0843F5C6-7517-49BF-92E0-963D010399B2}.Debug|iPhoneSimulator.Build.0 = Debug|iPhoneSimulator
		{0843F5C6-7517-49BF-92E0-963D010399B2}.Debug|iPhoneSimulator.Deploy.0 = Debug|iPhoneSimulator
		{0843F5C6-7517-49BF-92E0-963D010399B2}.Debug|x64.ActiveCfg = Debug|iPhoneSimulator
		{0843F5C6-7517-49BF-92E0-963D010399B2}.Debug|x64.Build.0 = Debug|iPhoneSimulator
		{0843F5C6-7517-49BF-92E0-963D010399B2}.Debug|x64.Deploy.0 = Debug|iPhoneSimulator
		{0843F5C6-7517-49BF-92E0-963D010399B2}.Debug|x86.ActiveCfg = Debug|iPhoneSimulator
		{0843F5C6-7517-49BF-92E0-963D010399B2}.Debug|x86.Build.0 = Debug|iPhoneSimulator
		{0843F5C6-7517-49BF-92E0-963D010399B2}.Debug|x86.Deploy.0 = Debug|iPhoneSimulator
		{0843F5C6-7517-49BF-92E0-963D010399B2}.Release|Any CPU.ActiveCfg = Release|iPhoneSimulator
		{0843F5C6-7517-49BF-92E0-963D010399B2}.Release|Any CPU.Build.0 = Release|iPhoneSimulator
		{0843F5C6-7517-49BF-92E0-963D010399B2}.Release|Any CPU.Deploy.0 = Release|iPhoneSimulator
		{0843F5C6-7517-49BF-92E0-963D010399B2}.Release|ARM.ActiveCfg = Release|iPhoneSimulator
		{0843F5C6-7517-49BF-92E0-963D010399B2}.Release|ARM.Build.0 = Release|iPhoneSimulator
		{0843F5C6-7517-49BF-92E0-963D010399B2}.Release|ARM.Deploy.0 = Release|iPhoneSimulator
		{0843F5C6-7517-49BF-92E0-963D010399B2}.Release|iPhone.ActiveCfg = Release|iPhone
		{0843F5C6-7517-49BF-92E0-963D010399B2}.Release|iPhone.Build.0 = Release|iPhone
		{0843F5C6-7517-49BF-92E0-963D010399B2}.Release|iPhone.Deploy.0 = Release|iPhone
		{0843F5C6-7517-49BF-92E0-963D010399B2}.Release|iPhoneSimulator.ActiveCfg = Release|iPhoneSimulator
		{0843F5C6-7517-49BF-92E0-963D010399B2}.Release|iPhoneSimulator.Build.0 = Release|iPhoneSimulator
		{0843F5C6-7517-49BF-92E0-963D010399B2}.Release|iPhoneSimulator.Deploy.0 = Release|iPhoneSimulator
		{0843F5C6-7517-49BF-92E0-963D010399B2}.Release|x64.ActiveCfg = Release|iPhoneSimulator
		{0843F5C6-7517-49BF-92E0-963D010399B2}.Release|x64.Build.0 = Release|iPhoneSimulator
		{0843F5C6-7517-49BF-92E0-963D010399B2}.Release|x64.Deploy.0 = Release|iPhoneSimulator
		{0843F5C6-7517-49BF-92E0-963D010399B2}.Release|x86.ActiveCfg = Release|iPhoneSimulator
		{0843F5C6-7517-49BF-92E0-963D010399B2}.Release|x86.Build.0 = Release|iPhoneSimulator
		{0843F5C6-7517-49BF-92E0-963D010399B2}.Release|x86.Deploy.0 = Release|iPhoneSimulator
		{3A0F0164-821F-4AF0-B88E-BFE407DAFE14}.Debug|Any CPU.ActiveCfg = Debug|Any CPU
		{3A0F0164-821F-4AF0-B88E-BFE407DAFE14}.Debug|Any CPU.Build.0 = Debug|Any CPU
		{3A0F0164-821F-4AF0-B88E-BFE407DAFE14}.Debug|Any CPU.Deploy.0 = Debug|Any CPU
		{3A0F0164-821F-4AF0-B88E-BFE407DAFE14}.Debug|ARM.ActiveCfg = Debug|Any CPU
		{3A0F0164-821F-4AF0-B88E-BFE407DAFE14}.Debug|ARM.Build.0 = Debug|Any CPU
		{3A0F0164-821F-4AF0-B88E-BFE407DAFE14}.Debug|ARM.Deploy.0 = Debug|Any CPU
		{3A0F0164-821F-4AF0-B88E-BFE407DAFE14}.Debug|iPhone.ActiveCfg = Debug|Any CPU
		{3A0F0164-821F-4AF0-B88E-BFE407DAFE14}.Debug|iPhone.Build.0 = Debug|Any CPU
		{3A0F0164-821F-4AF0-B88E-BFE407DAFE14}.Debug|iPhone.Deploy.0 = Debug|Any CPU
		{3A0F0164-821F-4AF0-B88E-BFE407DAFE14}.Debug|iPhoneSimulator.ActiveCfg = Debug|Any CPU
		{3A0F0164-821F-4AF0-B88E-BFE407DAFE14}.Debug|iPhoneSimulator.Build.0 = Debug|Any CPU
		{3A0F0164-821F-4AF0-B88E-BFE407DAFE14}.Debug|iPhoneSimulator.Deploy.0 = Debug|Any CPU
		{3A0F0164-821F-4AF0-B88E-BFE407DAFE14}.Debug|x64.ActiveCfg = Debug|Any CPU
		{3A0F0164-821F-4AF0-B88E-BFE407DAFE14}.Debug|x64.Build.0 = Debug|Any CPU
		{3A0F0164-821F-4AF0-B88E-BFE407DAFE14}.Debug|x64.Deploy.0 = Debug|Any CPU
		{3A0F0164-821F-4AF0-B88E-BFE407DAFE14}.Debug|x86.ActiveCfg = Debug|Any CPU
		{3A0F0164-821F-4AF0-B88E-BFE407DAFE14}.Debug|x86.Build.0 = Debug|Any CPU
		{3A0F0164-821F-4AF0-B88E-BFE407DAFE14}.Debug|x86.Deploy.0 = Debug|Any CPU
		{3A0F0164-821F-4AF0-B88E-BFE407DAFE14}.Release|Any CPU.ActiveCfg = Release|Any CPU
		{3A0F0164-821F-4AF0-B88E-BFE407DAFE14}.Release|Any CPU.Build.0 = Release|Any CPU
		{3A0F0164-821F-4AF0-B88E-BFE407DAFE14}.Release|Any CPU.Deploy.0 = Release|Any CPU
		{3A0F0164-821F-4AF0-B88E-BFE407DAFE14}.Release|ARM.ActiveCfg = Release|Any CPU
		{3A0F0164-821F-4AF0-B88E-BFE407DAFE14}.Release|ARM.Build.0 = Release|Any CPU
		{3A0F0164-821F-4AF0-B88E-BFE407DAFE14}.Release|ARM.Deploy.0 = Release|Any CPU
		{3A0F0164-821F-4AF0-B88E-BFE407DAFE14}.Release|iPhone.ActiveCfg = Release|Any CPU
		{3A0F0164-821F-4AF0-B88E-BFE407DAFE14}.Release|iPhone.Build.0 = Release|Any CPU
		{3A0F0164-821F-4AF0-B88E-BFE407DAFE14}.Release|iPhone.Deploy.0 = Release|Any CPU
		{3A0F0164-821F-4AF0-B88E-BFE407DAFE14}.Release|iPhoneSimulator.ActiveCfg = Release|Any CPU
		{3A0F0164-821F-4AF0-B88E-BFE407DAFE14}.Release|iPhoneSimulator.Build.0 = Release|Any CPU
		{3A0F0164-821F-4AF0-B88E-BFE407DAFE14}.Release|iPhoneSimulator.Deploy.0 = Release|Any CPU
		{3A0F0164-821F-4AF0-B88E-BFE407DAFE14}.Release|x64.ActiveCfg = Release|Any CPU
		{3A0F0164-821F-4AF0-B88E-BFE407DAFE14}.Release|x64.Build.0 = Release|Any CPU
		{3A0F0164-821F-4AF0-B88E-BFE407DAFE14}.Release|x64.Deploy.0 = Release|Any CPU
		{3A0F0164-821F-4AF0-B88E-BFE407DAFE14}.Release|x86.ActiveCfg = Release|Any CPU
		{3A0F0164-821F-4AF0-B88E-BFE407DAFE14}.Release|x86.Build.0 = Release|Any CPU
		{3A0F0164-821F-4AF0-B88E-BFE407DAFE14}.Release|x86.Deploy.0 = Release|Any CPU
	EndGlobalSection
	GlobalSection(SolutionProperties) = preSolution
		HideSolutionNode = FALSE
	EndGlobalSection
	GlobalSection(ExtensibilityGlobals) = postSolution
		SolutionGuid = {2BAC9DE1-5A0F-4C79-9D1C-FDC587439120}
	EndGlobalSection
EndGlobal
